// !$*UTF8*$!
{
	archiveVersion = 1;
	classes = {
	};
	objectVersion = 46;
	objects = {

/* Begin PBXBuildFile section */
		A82893AA1E3E587200E05311 /* SimpleModel.swift in Sources */ = {isa = PBXBuildFile; fileRef = A82893A91E3E587200E05311 /* SimpleModel.swift */; };
		F7199DFE1E38E713004988F0 /* AppDelegate.swift in Sources */ = {isa = PBXBuildFile; fileRef = F7199DFD1E38E713004988F0 /* AppDelegate.swift */; };
		F7199E051E38E714004988F0 /* Assets.xcassets in Resources */ = {isa = PBXBuildFile; fileRef = F7199E041E38E714004988F0 /* Assets.xcassets */; };
		F7199E081E38E714004988F0 /* LaunchScreen.storyboard in Resources */ = {isa = PBXBuildFile; fileRef = F7199E061E38E714004988F0 /* LaunchScreen.storyboard */; };
		F78A4A8B1E3F85230059A96D /* RootBudgetPlannerViewController.swift in Sources */ = {isa = PBXBuildFile; fileRef = F78A4A891E3F85230059A96D /* RootBudgetPlannerViewController.swift */; };
		F78A4A8C1E3F85230059A96D /* RootBudgetPlannerViewController.xib in Resources */ = {isa = PBXBuildFile; fileRef = F78A4A8A1E3F85230059A96D /* RootBudgetPlannerViewController.xib */; };
		F7D1D1D01E3F7D0A0062B5A1 /* LoginViewController.swift in Sources */ = {isa = PBXBuildFile; fileRef = F7D1D1CE1E3F7D0A0062B5A1 /* LoginViewController.swift */; };
		F7D1D1D11E3F7D0A0062B5A1 /* LoginViewController.xib in Resources */ = {isa = PBXBuildFile; fileRef = F7D1D1CF1E3F7D0A0062B5A1 /* LoginViewController.xib */; };
		F7FE932D1E40CE720043D65C /* UIColor+Extension.swift in Sources */ = {isa = PBXBuildFile; fileRef = F7FE932C1E40CE720043D65C /* UIColor+Extension.swift */; };
		F7FE932F1E40D3500043D65C /* UIButton+Extension.swift in Sources */ = {isa = PBXBuildFile; fileRef = F7FE932E1E40D3500043D65C /* UIButton+Extension.swift */; };
		F7FE93321E40D4F30043D65C /* Button.swift in Sources */ = {isa = PBXBuildFile; fileRef = F7FE93311E40D4F30043D65C /* Button.swift */; };
/* End PBXBuildFile section */

/* Begin PBXFileReference section */
		A82893A91E3E587200E05311 /* SimpleModel.swift */ = {isa = PBXFileReference; fileEncoding = 4; lastKnownFileType = sourcecode.swift; path = SimpleModel.swift; sourceTree = "<group>"; };
		F7199DFA1E38E713004988F0 /* Budget Bot.app */ = {isa = PBXFileReference; explicitFileType = wrapper.application; includeInIndex = 0; path = "Budget Bot.app"; sourceTree = BUILT_PRODUCTS_DIR; };
		F7199DFD1E38E713004988F0 /* AppDelegate.swift */ = {isa = PBXFileReference; lastKnownFileType = sourcecode.swift; path = AppDelegate.swift; sourceTree = "<group>"; };
		F7199E041E38E714004988F0 /* Assets.xcassets */ = {isa = PBXFileReference; lastKnownFileType = folder.assetcatalog; path = Assets.xcassets; sourceTree = "<group>"; };
		F7199E071E38E714004988F0 /* Base */ = {isa = PBXFileReference; lastKnownFileType = file.storyboard; name = Base; path = Base.lproj/LaunchScreen.storyboard; sourceTree = "<group>"; };
		F7199E091E38E714004988F0 /* Info.plist */ = {isa = PBXFileReference; lastKnownFileType = text.plist.xml; path = Info.plist; sourceTree = "<group>"; };
		F78A4A891E3F85230059A96D /* RootBudgetPlannerViewController.swift */ = {isa = PBXFileReference; fileEncoding = 4; lastKnownFileType = sourcecode.swift; path = RootBudgetPlannerViewController.swift; sourceTree = "<group>"; };
		F78A4A8A1E3F85230059A96D /* RootBudgetPlannerViewController.xib */ = {isa = PBXFileReference; fileEncoding = 4; lastKnownFileType = file.xib; path = RootBudgetPlannerViewController.xib; sourceTree = "<group>"; };
		F7D1D1CE1E3F7D0A0062B5A1 /* LoginViewController.swift */ = {isa = PBXFileReference; fileEncoding = 4; lastKnownFileType = sourcecode.swift; path = LoginViewController.swift; sourceTree = "<group>"; };
		F7D1D1CF1E3F7D0A0062B5A1 /* LoginViewController.xib */ = {isa = PBXFileReference; fileEncoding = 4; lastKnownFileType = file.xib; path = LoginViewController.xib; sourceTree = "<group>"; };
		F7FE932C1E40CE720043D65C /* UIColor+Extension.swift */ = {isa = PBXFileReference; fileEncoding = 4; lastKnownFileType = sourcecode.swift; path = "UIColor+Extension.swift"; sourceTree = "<group>"; };
		F7FE932E1E40D3500043D65C /* UIButton+Extension.swift */ = {isa = PBXFileReference; fileEncoding = 4; lastKnownFileType = sourcecode.swift; path = "UIButton+Extension.swift"; sourceTree = "<group>"; };
		F7FE93311E40D4F30043D65C /* Button.swift */ = {isa = PBXFileReference; fileEncoding = 4; lastKnownFileType = sourcecode.swift; path = Button.swift; sourceTree = "<group>"; };
/* End PBXFileReference section */

/* Begin PBXFrameworksBuildPhase section */
		F7199DF71E38E711004988F0 /* Frameworks */ = {
			isa = PBXFrameworksBuildPhase;
			buildActionMask = 2147483647;
			files = (
			);
			runOnlyForDeploymentPostprocessing = 0;
		};
/* End PBXFrameworksBuildPhase section */

/* Begin PBXGroup section */
		F7199DF11E38E711004988F0 = {
			isa = PBXGroup;
			children = (
				F7199DFC1E38E713004988F0 /* Budget Bot */,
				F7199DFB1E38E713004988F0 /* Products */,
			);
			sourceTree = "<group>";
		};
		F7199DFB1E38E713004988F0 /* Products */ = {
			isa = PBXGroup;
			children = (
				F7199DFA1E38E713004988F0 /* Budget Bot.app */,
			);
			name = Products;
			sourceTree = "<group>";
		};
		F7199DFC1E38E713004988F0 /* Budget Bot */ = {
			isa = PBXGroup;
			children = (
				F7FE93301E40D4CB0043D65C /* GenericSubclasses */,
				F7FE932B1E40CE650043D65C /* Extensions */,
				F7199E101E38E73D004988F0 /* Model */,
				F7199E111E38E743004988F0 /* View */,
				F7199E121E38E74A004988F0 /* Controller */,
				F7199E0F1E38E72F004988F0 /* Supporting Files */,
			);
			path = "Budget Bot";
			sourceTree = "<group>";
		};
		F7199E0F1E38E72F004988F0 /* Supporting Files */ = {
			isa = PBXGroup;
			children = (
				F7199DFD1E38E713004988F0 /* AppDelegate.swift */,
				F7199E041E38E714004988F0 /* Assets.xcassets */,
				F7199E061E38E714004988F0 /* LaunchScreen.storyboard */,
				F7199E091E38E714004988F0 /* Info.plist */,
			);
			name = "Supporting Files";
			sourceTree = "<group>";
		};
		F7199E101E38E73D004988F0 /* Model */ = {
			isa = PBXGroup;
			children = (
				A82893A91E3E587200E05311 /* SimpleModel.swift */,
			);
			name = Model;
			sourceTree = "<group>";
		};
		F7199E111E38E743004988F0 /* View */ = {
			isa = PBXGroup;
			children = (
				F7D1D1CF1E3F7D0A0062B5A1 /* LoginViewController.xib */,
				F78A4A8A1E3F85230059A96D /* RootBudgetPlannerViewController.xib */,
			);
			name = View;
			sourceTree = "<group>";
		};
		F7199E121E38E74A004988F0 /* Controller */ = {
			isa = PBXGroup;
			children = (
				F7D1D1CE1E3F7D0A0062B5A1 /* LoginViewController.swift */,
				F78A4A891E3F85230059A96D /* RootBudgetPlannerViewController.swift */,
			);
			name = Controller;
			sourceTree = "<group>";
		};
		F7FE932B1E40CE650043D65C /* Extensions */ = {
			isa = PBXGroup;
			children = (
				F7FE932C1E40CE720043D65C /* UIColor+Extension.swift */,
				F7FE932E1E40D3500043D65C /* UIButton+Extension.swift */,
			);
			name = Extensions;
			sourceTree = "<group>";
		};
		F7FE93301E40D4CB0043D65C /* GenericSubclasses */ = {
			isa = PBXGroup;
			children = (
				F7FE93311E40D4F30043D65C /* Button.swift */,
			);
			name = GenericSubclasses;
			sourceTree = "<group>";
		};
/* End PBXGroup section */

/* Begin PBXNativeTarget section */
		F7199DF91E38E711004988F0 /* Budget Bot */ = {
			isa = PBXNativeTarget;
			buildConfigurationList = F7199E0C1E38E714004988F0 /* Build configuration list for PBXNativeTarget "Budget Bot" */;
			buildPhases = (
				F7199DF61E38E711004988F0 /* Sources */,
				F7199DF71E38E711004988F0 /* Frameworks */,
				F7199DF81E38E711004988F0 /* Resources */,
			);
			buildRules = (
			);
			dependencies = (
			);
			name = "Budget Bot";
			productName = "Budget Bot";
			productReference = F7199DFA1E38E713004988F0 /* Budget Bot.app */;
			productType = "com.apple.product-type.application";
		};
/* End PBXNativeTarget section */

/* Begin PBXProject section */
		F7199DF21E38E711004988F0 /* Project object */ = {
			isa = PBXProject;
			attributes = {
				LastSwiftUpdateCheck = 0820;
				LastUpgradeCheck = 0820;
				ORGANIZATIONNAME = "iOS Dev Team";
				TargetAttributes = {
					F7199DF91E38E711004988F0 = {
						CreatedOnToolsVersion = 8.2.1;
						DevelopmentTeam = Y7393DYRG2;
						ProvisioningStyle = Automatic;
					};
				};
			};
			buildConfigurationList = F7199DF51E38E711004988F0 /* Build configuration list for PBXProject "Budget Bot" */;
			compatibilityVersion = "Xcode 3.2";
			developmentRegion = English;
			hasScannedForEncodings = 0;
			knownRegions = (
				en,
				Base,
			);
			mainGroup = F7199DF11E38E711004988F0;
			productRefGroup = F7199DFB1E38E713004988F0 /* Products */;
			projectDirPath = "";
			projectRoot = "";
			targets = (
				F7199DF91E38E711004988F0 /* Budget Bot */,
			);
		};
/* End PBXProject section */

/* Begin PBXResourcesBuildPhase section */
		F7199DF81E38E711004988F0 /* Resources */ = {
			isa = PBXResourcesBuildPhase;
			buildActionMask = 2147483647;
			files = (
				F7199E081E38E714004988F0 /* LaunchScreen.storyboard in Resources */,
				F7199E051E38E714004988F0 /* Assets.xcassets in Resources */,
				F78A4A8C1E3F85230059A96D /* RootBudgetPlannerViewController.xib in Resources */,
				F7D1D1D11E3F7D0A0062B5A1 /* LoginViewController.xib in Resources */,
			);
			runOnlyForDeploymentPostprocessing = 0;
		};
/* End PBXResourcesBuildPhase section */

/* Begin PBXSourcesBuildPhase section */
		F7199DF61E38E711004988F0 /* Sources */ = {
			isa = PBXSourcesBuildPhase;
			buildActionMask = 2147483647;
			files = (
